{
    "_readme": [
        "This file locks the dependencies of your project to a known state",
        "Read more about it at http://getcomposer.org/doc/01-basic-usage.md#composer-lock-the-lock-file"
    ],
    "hash": "e89a9519c5a6d6373e8ca4f10cee2f3e",
    "packages": [
        {
            "name": "podio/podio-php",
            "version": "dev-master",
            "source": {
                "type": "git",
                "url": "https://github.com/podio/podio-php.git",
                "reference": "82a5faa92b78be5f7d3dce2596e7bafbec6d8e38"
            },
            "dist": {
                "type": "zip",
                "url": "https://api.github.com/repos/podio/podio-php/zipball/82a5faa92b78be5f7d3dce2596e7bafbec6d8e38",
                "reference": "82a5faa92b78be5f7d3dce2596e7bafbec6d8e38",
                "shasum": ""
            },
            "require": {
                "php": ">=5.3.0"
            },
            "type": "library",
            "autoload": {
                "classmap": [
                    "lib/",
                    "models/"
                ]
            },
            "notification-url": "https://packagist.org/downloads/",
            "license": [
                "MIT"
            ],
            "authors": [
                {
                    "name": "Andreas Haugstrup Pedersen",
                    "email": "haugstrup@podio.com",
                    "role": "Developer"
                }
            ],
            "description": "PHP Client for Podio API",
            "homepage": "http://github.com/podio/podio-php",
            "keywords": [
                "podio"
            ],
            "time": "2013-07-01 19:34:41"
        }
    ],
    "packages-dev": [

    ],
    "aliases": [

    ],
    "minimum-stability": "stable",
    "stability-flags": {
        "podio/podio-php": 20
    },
    "platform": [

    ],
    "platform-dev": [

    ]
}
