{
    "_readme": [
        "This file locks the dependencies of your project to a known state",
        "Read more about it at http://getcomposer.org/doc/01-basic-usage.md#composer-lock-the-lock-file",
        "This file is @generated automatically"
    ],
    "hash": "dfdaab7a9375273f19aa2a714f7d7556",
    "packages": [
        {
            "name": "podio/podio-php",
            "version": "v3.0.0",
            "source": {
                "type": "git",
                "url": "https://github.com/podio/podio-php.git",
                "reference": "f9415472dc90e89e8e7d122e0813f39012bdd5eb"
            },
            "dist": {
                "type": "zip",
                "url": "https://api.github.com/repos/podio/podio-php/zipball/f9415472dc90e89e8e7d122e0813f39012bdd5eb",
                "reference": "f9415472dc90e89e8e7d122e0813f39012bdd5eb",
                "shasum": ""
            },
            "require": {
                "php": ">=5.3.0"
            },
            "type": "library",
            "autoload": {
                "classmap": [
                    "lib/",
                    "models/"
                ]
            },
            "notification-url": "https://packagist.org/downloads/",
            "license": [
                "MIT"
            ],
            "authors": [
                {
                    "name": "Andreas Haugstrup Pedersen",
                    "email": "haugstrup@podio.com",
                    "role": "Developer"
                }
            ],
            "description": "PHP Client for Podio API",
            "homepage": "http://github.com/podio/podio-php",
            "keywords": [
                "podio"
            ],
            "time": "2014-01-31 04:06:26"
        }
    ],
    "packages-dev": [],
    "aliases": [],
    "minimum-stability": "dev",
    "stability-flags": [],
    "prefer-stable": false,
    "prefer-lowest": false,
    "platform": {
        "php": ">=5.3.0"
    },
    "platform-dev": []
}
