{
    "_readme": [
        "This file locks the dependencies of your project to a known state",
        "Read more about it at http://getcomposer.org/doc/01-basic-usage.md#composer-lock-the-lock-file",
        "This file is @generated automatically"
    ],
    "hash": "c23bbfb23ed14bb3592136dd2861ac77",
    "packages": [
        {
            "name": "podio/podio-php",
            "version": "v4.0.2",
            "source": {
                "type": "git",
                "url": "https://github.com/podio/podio-php.git",
                "reference": "a67a6b9406febfbb324888ec8ddde2891e027299"
            },
            "dist": {
                "type": "zip",
                "url": "https://api.github.com/repos/podio/podio-php/zipball/a67a6b9406febfbb324888ec8ddde2891e027299",
                "reference": "a67a6b9406febfbb324888ec8ddde2891e027299",
                "shasum": ""
            },
            "require": {
                "php": ">=5.3.0"
            },
            "type": "library",
            "autoload": {
                "classmap": [
                    "lib/",
                    "models/"
                ]
            },
            "notification-url": "https://packagist.org/downloads/",
            "license": [
                "MIT"
            ],
            "authors": [
                {
                    "name": "Andreas Haugstrup Pedersen",
                    "email": "haugstrup@podio.com",
                    "role": "Developer"
                }
            ],
            "description": "PHP Client for Podio API",
            "homepage": "http://github.com/podio/podio-php",
            "keywords": [
                "podio"
            ],
            "time": "2014-09-29 18:40:52"
        }
    ],
    "packages-dev": [],
    "aliases": [],
    "minimum-stability": "dev",
    "stability-flags": [],
    "prefer-stable": false,
    "prefer-lowest": false,
    "platform": {
        "php": ">=5.3.0"
    },
    "platform-dev": []
}
